
Microsoft Visual Studio Solution File, Format Version 12.00
# Visual Studio Version 17
VisualStudioVersion = 17.5.33530.505
MinimumVisualStudioVersion = 10.0.40219.1
Project("{888888A0-9F3D-457C-B088-3A5042F75D52}") = "blinktest4", "blinktest4.pyproj", "{2D105278-B114-4DDD-B38C-F0375CF34C2D}"
EndProject
Global
	GlobalSection(SolutionConfigurationPlatforms) = preSolution
		Debug|Any CPU = Debug|Any CPU
		Release|Any CPU = Release|Any CPU
	EndGlobalSection
	GlobalSection(ProjectConfigurationPlatforms) = postSolution
		{2D105278-B114-4DDD-B38C-F0375CF34C2D}.Debug|Any CPU.ActiveCfg = Debug|Any CPU
		{2D105278-B114-4DDD-B38C-F0375CF34C2D}.Release|Any CPU.ActiveCfg = Release|Any CPU
	EndGlobalSection
	GlobalSection(SolutionProperties) = preSolution
		HideSolutionNode = FALSE
	EndGlobalSection
	GlobalSection(ExtensibilityGlobals) = postSolution
		SolutionGuid = {8949F851-7270-4734-AD46-F2580A712B9D}
	EndGlobalSection
EndGlobal
