
Microsoft Visual Studio Solution File, Format Version 12.00
# Visual Studio Version 17
VisualStudioVersion = 17.6.33815.320
MinimumVisualStudioVersion = 10.0.40219.1
Project("{888888A0-9F3D-457C-B088-3A5042F75D52}") = "FaceScanAttempt1", "FaceScanAttempt1\FaceScanAttempt1.pyproj", "{C540CB77-D9AE-4A0B-AFD4-F5E1DEFE67CE}"
EndProject
Global
	GlobalSection(SolutionConfigurationPlatforms) = preSolution
		Debug|Any CPU = Debug|Any CPU
		Release|Any CPU = Release|Any CPU
	EndGlobalSection
	GlobalSection(ProjectConfigurationPlatforms) = postSolution
		{C540CB77-D9AE-4A0B-AFD4-F5E1DEFE67CE}.Debug|Any CPU.ActiveCfg = Debug|Any CPU
		{C540CB77-D9AE-4A0B-AFD4-F5E1DEFE67CE}.Release|Any CPU.ActiveCfg = Release|Any CPU
	EndGlobalSection
	GlobalSection(SolutionProperties) = preSolution
		HideSolutionNode = FALSE
	EndGlobalSection
	GlobalSection(ExtensibilityGlobals) = postSolution
		SolutionGuid = {02A0756C-99B7-46F8-95DA-B36B53365289}
	EndGlobalSection
EndGlobal
